
Microsoft Visual Studio Solution File, Format Version 12.00
# Visual Studio Version 17
VisualStudioVersion = 17.2.32630.192
MinimumVisualStudioVersion = 10.0.40219.1
Project("{FAE04EC0-301F-11D3-BF4B-00C04F79EFBC}") = "WindowsFormsApp1", "WindowsFormsApp1\WindowsFormsApp1.csproj", "{1B0D80E7-E49D-4DBD-8369-7A04A5936606}"
EndProject
Global
	GlobalSection(SolutionConfigurationPlatforms) = preSolution
		Debug|Any CPU = Debug|Any CPU
		Release|Any CPU = Release|Any CPU
	EndGlobalSection
	GlobalSection(ProjectConfigurationPlatforms) = postSolution
		{1B0D80E7-E49D-4DBD-8369-7A04A5936606}.Debug|Any CPU.ActiveCfg = Debug|Any CPU
		{1B0D80E7-E49D-4DBD-8369-7A04A5936606}.Debug|Any CPU.Build.0 = Debug|Any CPU
		{1B0D80E7-E49D-4DBD-8369-7A04A5936606}.Release|Any CPU.ActiveCfg = Release|Any CPU
		{1B0D80E7-E49D-4DBD-8369-7A04A5936606}.Release|Any CPU.Build.0 = Release|Any CPU
	EndGlobalSection
	GlobalSection(SolutionProperties) = preSolution
		HideSolutionNode = FALSE
	EndGlobalSection
	GlobalSection(ExtensibilityGlobals) = postSolution
		SolutionGuid = {B6A7593D-D272-42FD-A87D-E24D238A5B2C}
	EndGlobalSection
EndGlobal
